
Microsoft Visual Studio Solution File, Format Version 12.00
# Visual Studio Version 16
VisualStudioVersion = 16.0.29306.81
MinimumVisualStudioVersion = 10.0.40219.1
Project("{8BC9CEB8-8B4A-11D0-8D11-00A0C91BC942}") = "Dictionary", "Dictionary\Dictionary.vcxproj", "{8406F775-2A00-4F74-A91C-2679E8B95D09}"
EndProject
Global
	GlobalSection(SolutionConfigurationPlatforms) = preSolution
		Debug|x64 = Debug|x64
		Debug|x86 = Debug|x86
		Release|x64 = Release|x64
		Release|x86 = Release|x86
	EndGlobalSection
	GlobalSection(ProjectConfigurationPlatforms) = postSolution
		{8406F775-2A00-4F74-A91C-2679E8B95D09}.Debug|x64.ActiveCfg = Debug|x64
		{8406F775-2A00-4F74-A91C-2679E8B95D09}.Debug|x64.Build.0 = Debug|x64
		{8406F775-2A00-4F74-A91C-2679E8B95D09}.Debug|x86.ActiveCfg = Debug|Win32
		{8406F775-2A00-4F74-A91C-2679E8B95D09}.Debug|x86.Build.0 = Debug|Win32
		{8406F775-2A00-4F74-A91C-2679E8B95D09}.Release|x64.ActiveCfg = Release|x64
		{8406F775-2A00-4F74-A91C-2679E8B95D09}.Release|x64.Build.0 = Release|x64
		{8406F775-2A00-4F74-A91C-2679E8B95D09}.Release|x86.ActiveCfg = Release|Win32
		{8406F775-2A00-4F74-A91C-2679E8B95D09}.Release|x86.Build.0 = Release|Win32
	EndGlobalSection
	GlobalSection(SolutionProperties) = preSolution
		HideSolutionNode = FALSE
	EndGlobalSection
	GlobalSection(ExtensibilityGlobals) = postSolution
		SolutionGuid = {500EF847-4192-4044-A81A-6D7C1717C019}
	EndGlobalSection
EndGlobal
